
Microsoft Visual Studio Solution File, Format Version 12.00
# Visual Studio 14
VisualStudioVersion = 14.0.25420.1
MinimumVisualStudioVersion = 10.0.40219.1
Project("{FAE04EC0-301F-11D3-BF4B-00C04F79EFBC}") = "SmtpEmailSender.ConsoleTest", "SmtpEmailSender.ConsoleTest\SmtpEmailSender.ConsoleTest.csproj", "{C82CA86D-DA5A-4DDA-9B48-F164C0EBAD93}"
EndProject
Project("{FAE04EC0-301F-11D3-BF4B-00C04F79EFBC}") = "SmtpEmailSender.Api", "SmtpEmailSender.Api\SmtpEmailSender.Api.csproj", "{9EACC740-6EB2-4F66-9E00-CEE78C5A58F5}"
EndProject
Global
	GlobalSection(SolutionConfigurationPlatforms) = preSolution
		Debug|Any CPU = Debug|Any CPU
		Release|Any CPU = Release|Any CPU
	EndGlobalSection
	GlobalSection(ProjectConfigurationPlatforms) = postSolution
		{C82CA86D-DA5A-4DDA-9B48-F164C0EBAD93}.Debug|Any CPU.ActiveCfg = Debug|Any CPU
		{C82CA86D-DA5A-4DDA-9B48-F164C0EBAD93}.Debug|Any CPU.Build.0 = Debug|Any CPU
		{C82CA86D-DA5A-4DDA-9B48-F164C0EBAD93}.Release|Any CPU.ActiveCfg = Release|Any CPU
		{C82CA86D-DA5A-4DDA-9B48-F164C0EBAD93}.Release|Any CPU.Build.0 = Release|Any CPU
		{9EACC740-6EB2-4F66-9E00-CEE78C5A58F5}.Debug|Any CPU.ActiveCfg = Debug|Any CPU
		{9EACC740-6EB2-4F66-9E00-CEE78C5A58F5}.Debug|Any CPU.Build.0 = Debug|Any CPU
		{9EACC740-6EB2-4F66-9E00-CEE78C5A58F5}.Release|Any CPU.ActiveCfg = Release|Any CPU
		{9EACC740-6EB2-4F66-9E00-CEE78C5A58F5}.Release|Any CPU.Build.0 = Release|Any CPU
	EndGlobalSection
	GlobalSection(SolutionProperties) = preSolution
		HideSolutionNode = FALSE
	EndGlobalSection
EndGlobal
